
Microsoft Visual Studio Solution File, Format Version 12.00
# Visual Studio Version 17
VisualStudioVersion = 17.2.32616.157
MinimumVisualStudioVersion = 10.0.40219.1
Project("{FAE04EC0-301F-11D3-BF4B-00C04F79EFBC}") = "Exercise2", "Exercise2.csproj", "{90E540B1-D6A4-4514-91FA-3F000D1926F9}"
EndProject
Global
	GlobalSection(SolutionConfigurationPlatforms) = preSolution
		Debug|Any CPU = Debug|Any CPU
		Release|Any CPU = Release|Any CPU
	EndGlobalSection
	GlobalSection(ProjectConfigurationPlatforms) = postSolution
		{90E540B1-D6A4-4514-91FA-3F000D1926F9}.Debug|Any CPU.ActiveCfg = Debug|Any CPU
		{90E540B1-D6A4-4514-91FA-3F000D1926F9}.Debug|Any CPU.Build.0 = Debug|Any CPU
		{90E540B1-D6A4-4514-91FA-3F000D1926F9}.Release|Any CPU.ActiveCfg = Release|Any CPU
		{90E540B1-D6A4-4514-91FA-3F000D1926F9}.Release|Any CPU.Build.0 = Release|Any CPU
	EndGlobalSection
	GlobalSection(SolutionProperties) = preSolution
		HideSolutionNode = FALSE
	EndGlobalSection
	GlobalSection(ExtensibilityGlobals) = postSolution
		SolutionGuid = {2074348E-3C63-4B55-A4C2-388AE0C31452}
	EndGlobalSection
EndGlobal
